# THIS IS AN AUTOGENERATED FILE. DO NOT EDIT THIS FILE DIRECTLY.
# yarn lockfile v1


"@tootallnate/once@2":
  "version" "2.0.0"

"a-sync-waterfall@^1.0.0":
  "version" "1.0.1"

"abab@^2.0.6":
  "version" "2.0.6"

"abbrev@^1.1.1":
  "version" "1.1.1"

"accepts@~1.3.5":
  "version" "1.3.8"
  dependencies:
    "mime-types" "~2.1.34"
    "negotiator" "0.6.3"

"acorn-globals@^7.0.0":
  "version" "7.0.1"
  dependencies:
    "acorn" "^8.1.0"
    "acorn-walk" "^8.0.2"

"acorn-walk@^8.0.2":
  "version" "8.2.0"

"acorn@^8.1.0", "acorn@^8.8.0":
  "version" "8.8.1"

"agent-base@6":
  "version" "6.0.2"
  dependencies:
    "debug" "4"

"ansi-regex@^5.0.1":
  "version" "5.0.1"

"ansi-styles@^4.1.0":
  "version" "4.3.0"
  dependencies:
    "color-convert" "^2.0.1"

"anymatch@~3.1.2":
  "version" "3.1.2"
  dependencies:
    "normalize-path" "^3.0.0"
    "picomatch" "^2.0.4"

"archy@^1.0.0":
  "version" "1.0.0"

"argparse@^2.0.1":
  "version" "2.0.1"

"asap@^2.0.3":
  "version" "2.0.6"

"async@^3.2.3":
  "version" "3.2.4"

"asynckit@^0.4.0":
  "version" "0.4.0"

"atob@^2.1.2":
  "version" "2.1.2"

"balanced-match@^1.0.0":
  "version" "1.0.2"

"basic-auth@~2.0.1":
  "version" "2.0.1"
  dependencies:
    "safe-buffer" "5.1.2"

"binary-extensions@^2.0.0":
  "version" "2.2.0"

"bluebird@^3.2.2", "bluebird@^3.5.1", "bluebird@^3.5.2", "bluebird@^3.5.5", "bluebird@^3.7.2":
  "version" "3.7.2"

"brace-expansion@^1.1.7":
  "version" "1.1.11"
  dependencies:
    "balanced-match" "^1.0.0"
    "concat-map" "0.0.1"

"brace-expansion@^2.0.1":
  "version" "2.0.1"
  dependencies:
    "balanced-match" "^1.0.0"

"braces@^3.0.2", "braces@~3.0.2":
  "version" "3.0.2"
  dependencies:
    "fill-range" "^7.0.1"

"bytes@3.0.0":
  "version" "3.0.0"

"camel-case@^4.0.0":
  "version" "4.1.2"
  dependencies:
    "pascal-case" "^3.1.2"
    "tslib" "^2.0.3"

"chalk@^4.0.0", "chalk@^4.0.2":
  "version" "4.1.2"
  dependencies:
    "ansi-styles" "^4.1.0"
    "supports-color" "^7.1.0"

"chokidar@^3.0.0", "chokidar@^3.3.0":
  "version" "3.5.3"
  dependencies:
    "anymatch" "~3.1.2"
    "braces" "~3.0.2"
    "fsevents" "~2.3.2"
    "glob-parent" "~5.1.2"
    "is-binary-path" "~2.1.0"
    "is-glob" "~4.0.1"
    "normalize-path" "~3.0.0"
    "readdirp" "~3.6.0"
  optionalDependencies:
    "fsevents" "~2.3.2"

"color-convert@^2.0.1":
  "version" "2.0.1"
  dependencies:
    "color-name" "~1.1.4"

"color-name@~1.1.4":
  "version" "1.1.4"

"combined-stream@^1.0.8":
  "version" "1.0.8"
  dependencies:
    "delayed-stream" "~1.0.0"

"command-exists@^1.2.8":
  "version" "1.2.9"

"commander@^5.1.0":
  "version" "5.1.0"

"compressible@~2.0.16":
  "version" "2.0.18"
  dependencies:
    "mime-db" ">= 1.43.0 < 2"

"compression@^1.7.4":
  "version" "1.7.4"
  dependencies:
    "accepts" "~1.3.5"
    "bytes" "3.0.0"
    "compressible" "~2.0.16"
    "debug" "2.6.9"
    "on-headers" "~1.0.2"
    "safe-buffer" "5.1.2"
    "vary" "~1.1.2"

"concat-map@0.0.1":
  "version" "0.0.1"

"connect@^3.7.0":
  "version" "3.7.0"
  dependencies:
    "debug" "2.6.9"
    "finalhandler" "1.1.2"
    "parseurl" "~1.3.3"
    "utils-merge" "1.0.1"

"cross-spawn@^7.0.0":
  "version" "7.0.3"
  dependencies:
    "path-key" "^3.1.0"
    "shebang-command" "^2.0.0"
    "which" "^2.0.1"

"css@^3.0.0":
  "version" "3.0.0"
  dependencies:
    "inherits" "^2.0.4"
    "source-map" "^0.6.1"
    "source-map-resolve" "^0.6.0"

"cssom@^0.5.0":
  "version" "0.5.0"

"cssom@~0.3.6":
  "version" "0.3.8"

"cssstyle@^2.3.0":
  "version" "2.3.0"
  dependencies:
    "cssom" "~0.3.6"

"cuid@^2.1.4":
  "version" "2.1.8"

"data-urls@^3.0.2":
  "version" "3.0.2"
  dependencies:
    "abab" "^2.0.6"
    "whatwg-mimetype" "^3.0.0"
    "whatwg-url" "^11.0.0"

"debug@^4.3.2":
  "version" "4.3.4"
  dependencies:
    "ms" "2.1.2"

"debug@2.6.9":
  "version" "2.6.9"
  dependencies:
    "ms" "2.0.0"

"debug@4":
  "version" "4.3.4"
  dependencies:
    "ms" "2.1.2"

"decimal.js@^10.4.1":
  "version" "10.4.2"

"decode-uri-component@^0.2.0":
  "version" "0.2.0"

"deep-is@~0.1.3":
  "version" "0.1.4"

"deepmerge@^4.2.2":
  "version" "4.2.2"

"define-lazy-prop@^2.0.0":
  "version" "2.0.0"

"delayed-stream@~1.0.0":
  "version" "1.0.0"

"depd@~2.0.0", "depd@2.0.0":
  "version" "2.0.0"

"destroy@1.2.0":
  "version" "1.2.0"

"dom-serializer@^1.0.1":
  "version" "1.4.1"
  dependencies:
    "domelementtype" "^2.0.1"
    "domhandler" "^4.2.0"
    "entities" "^2.0.0"

"domelementtype@^2.0.1", "domelementtype@^2.2.0":
  "version" "2.3.0"

"domexception@^4.0.0":
  "version" "4.0.0"
  dependencies:
    "webidl-conversions" "^7.0.0"

"domhandler@^4.2.0", "domhandler@^4.2.2":
  "version" "4.3.1"
  dependencies:
    "domelementtype" "^2.2.0"

"dompurify@^2.4.0":
  "version" "2.4.1"

"domutils@^2.8.0":
  "version" "2.8.0"
  dependencies:
    "dom-serializer" "^1.0.1"
    "domelementtype" "^2.2.0"
    "domhandler" "^4.2.0"

"ee-first@1.1.1":
  "version" "1.1.1"

"ejs@^3.1.6":
  "version" "3.1.8"
  dependencies:
    "jake" "^10.8.5"

"encodeurl@~1.0.2":
  "version" "1.0.2"

"entities@^2.0.0":
  "version" "2.2.0"

"entities@^3.0.1":
  "version" "3.0.1"

"entities@^4.4.0":
  "version" "4.4.0"

"escape-html@~1.0.3":
  "version" "1.0.3"

"escodegen@^2.0.0":
  "version" "2.0.0"
  dependencies:
    "esprima" "^4.0.1"
    "estraverse" "^5.2.0"
    "esutils" "^2.0.2"
    "optionator" "^0.8.1"
    "source-map" "~0.6.1"
  optionalDependencies:
    "source-map" "~0.6.1"

"esprima@^4.0.1":
  "version" "4.0.1"

"estraverse@^5.2.0":
  "version" "5.3.0"

"esutils@^2.0.2":
  "version" "2.0.3"

"etag@~1.8.1":
  "version" "1.8.1"

"fast-equals@^3.0.1":
  "version" "3.0.3"

"fast-levenshtein@~2.0.6":
  "version" "2.0.6"

"filelist@^1.0.1":
  "version" "1.0.4"
  dependencies:
    "minimatch" "^5.0.1"

"fill-range@^7.0.1":
  "version" "7.0.1"
  dependencies:
    "to-regex-range" "^5.0.1"

"finalhandler@1.1.2":
  "version" "1.1.2"
  dependencies:
    "debug" "2.6.9"
    "encodeurl" "~1.0.2"
    "escape-html" "~1.0.3"
    "on-finished" "~2.3.0"
    "parseurl" "~1.3.3"
    "statuses" "~1.5.0"
    "unpipe" "~1.0.0"

"form-data@^4.0.0":
  "version" "4.0.0"
  dependencies:
    "asynckit" "^0.4.0"
    "combined-stream" "^1.0.8"
    "mime-types" "^2.1.12"

"fresh@0.5.2":
  "version" "0.5.2"

"fs.realpath@^1.0.0":
  "version" "1.0.0"

"function-bind@^1.1.1":
  "version" "1.1.1"

"glob-parent@~5.1.2":
  "version" "5.1.2"
  dependencies:
    "is-glob" "^4.0.1"

"glob@^7.1.6":
  "version" "7.2.3"
  dependencies:
    "fs.realpath" "^1.0.0"
    "inflight" "^1.0.4"
    "inherits" "2"
    "minimatch" "^3.1.1"
    "once" "^1.3.0"
    "path-is-absolute" "^1.0.0"

"graceful-fs@^4.1.11", "graceful-fs@^4.1.3":
  "version" "4.2.10"

"has-flag@^4.0.0":
  "version" "4.0.0"

"has@^1.0.3":
  "version" "1.0.3"
  dependencies:
    "function-bind" "^1.1.1"

"hexo-cli@^4.3.0":
  "version" "4.3.0"
  dependencies:
    "abbrev" "^1.1.1"
    "bluebird" "^3.5.5"
    "chalk" "^4.0.0"
    "command-exists" "^1.2.8"
    "hexo-fs" "^3.0.1"
    "hexo-log" "^2.0.0"
    "hexo-util" "^2.0.0"
    "minimist" "^1.2.5"
    "resolve" "^1.11.0"
    "tildify" "^2.0.0"

"hexo-front-matter@^3.0.0":
  "version" "3.0.0"
  dependencies:
    "js-yaml" "^4.1.0"

"hexo-fs@^3.0.1", "hexo-fs@^3.1.0":
  "version" "3.1.0"
  dependencies:
    "bluebird" "^3.5.1"
    "chokidar" "^3.0.0"
    "graceful-fs" "^4.1.11"
    "hexo-util" "^2.0.0"

"hexo-generator-archive@^2.0.0":
  "version" "2.0.0"
  dependencies:
    "hexo-pagination" "3.0.0"

"hexo-generator-category@^2.0.0":
  "version" "2.0.0"
  dependencies:
    "hexo-pagination" "3.0.0"

"hexo-generator-index@^3.0.0":
  "version" "3.0.0"
  dependencies:
    "hexo-pagination" "3.0.0"

"hexo-generator-tag@^2.0.0":
  "version" "2.0.0"
  dependencies:
    "hexo-pagination" "3.0.0"

"hexo-i18n@^1.0.0":
  "version" "1.0.0"
  dependencies:
    "sprintf-js" "^1.0.3"

"hexo-log@^2.0.0":
  "version" "2.0.0"
  dependencies:
    "chalk" "^4.0.0"

"hexo-log@^3.0.0", "hexo-log@^3.2.0":
  "version" "3.2.0"
  dependencies:
    "picocolors" "^1.0.0"

"hexo-pagination@3.0.0":
  "version" "3.0.0"

"hexo-renderer-ejs@^2.0.0":
  "version" "2.0.0"
  dependencies:
    "ejs" "^3.1.6"

"hexo-renderer-marked@^6.0.0":
  "version" "6.0.0"
  dependencies:
    "dompurify" "^2.4.0"
    "hexo-util" "^2.7.0"
    "jsdom" "^20.0.1"
    "marked" "^4.1.1"

"hexo-renderer-stylus@^2.1.0":
  "version" "2.1.0"
  dependencies:
    "nib" "^1.2.0"
    "stylus" "^0.57.0"

"hexo-server@^3.0.0":
  "version" "3.0.0"
  dependencies:
    "bluebird" "^3.5.5"
    "compression" "^1.7.4"
    "connect" "^3.7.0"
    "mime" "^3.0.0"
    "morgan" "^1.9.1"
    "open" "^8.0.9"
    "picocolors" "^1.0.0"
    "serve-static" "^1.14.1"

"hexo-theme-fluid@^1.9.3":
  "integrity" "sha512-PJhEG1N+0HYK3XA+IbBrb2eHtqHAXJoM9Cy921H9m3gb3syKT0PxURUe4+BKD35ITeXTd8o65ExRintBBfu02Q=="
  "resolved" "https://registry.npmmirror.com/hexo-theme-fluid/-/hexo-theme-fluid-1.9.3.tgz"
  "version" "1.9.3"

"hexo-theme-landscape@^0.0.3":
  "version" "0.0.3"

"hexo-util@^2.0.0", "hexo-util@^2.7.0":
  "version" "2.7.0"
  dependencies:
    "bluebird" "^3.5.2"
    "camel-case" "^4.0.0"
    "cross-spawn" "^7.0.0"
    "deepmerge" "^4.2.2"
    "highlight.js" "^11.0.1"
    "htmlparser2" "^7.0.0"
    "prismjs" "^1.17.1"
    "strip-indent" "^3.0.0"

"hexo@^6.3.0":
  "version" "6.3.0"
  dependencies:
    "abbrev" "^1.1.1"
    "archy" "^1.0.0"
    "bluebird" "^3.7.2"
    "hexo-cli" "^4.3.0"
    "hexo-front-matter" "^3.0.0"
    "hexo-fs" "^3.1.0"
    "hexo-i18n" "^1.0.0"
    "hexo-log" "^3.2.0"
    "hexo-util" "^2.7.0"
    "js-yaml" "^4.1.0"
    "js-yaml-js-types" "^1.0.0"
    "micromatch" "^4.0.4"
    "moize" "^6.1.0"
    "moment" "^2.29.1"
    "moment-timezone" "^0.5.34"
    "nunjucks" "^3.2.3"
    "picocolors" "^1.0.0"
    "pretty-hrtime" "^1.0.3"
    "resolve" "^1.22.0"
    "strip-ansi" "^6.0.0"
    "text-table" "^0.2.0"
    "tildify" "^2.0.0"
    "titlecase" "^1.1.3"
    "warehouse" "^4.0.2"

"highlight.js@^11.0.1":
  "version" "11.6.0"

"html-encoding-sniffer@^3.0.0":
  "version" "3.0.0"
  dependencies:
    "whatwg-encoding" "^2.0.0"

"htmlparser2@^7.0.0":
  "version" "7.2.0"
  dependencies:
    "domelementtype" "^2.0.1"
    "domhandler" "^4.2.2"
    "domutils" "^2.8.0"
    "entities" "^3.0.1"

"http-errors@2.0.0":
  "version" "2.0.0"
  dependencies:
    "depd" "2.0.0"
    "inherits" "2.0.4"
    "setprototypeof" "1.2.0"
    "statuses" "2.0.1"
    "toidentifier" "1.0.1"

"http-proxy-agent@^5.0.0":
  "version" "5.0.0"
  dependencies:
    "@tootallnate/once" "2"
    "agent-base" "6"
    "debug" "4"

"https-proxy-agent@^5.0.1":
  "version" "5.0.1"
  dependencies:
    "agent-base" "6"
    "debug" "4"

"iconv-lite@0.6.3":
  "version" "0.6.3"
  dependencies:
    "safer-buffer" ">= 2.1.2 < 3.0.0"

"inflight@^1.0.4":
  "version" "1.0.6"
  dependencies:
    "once" "^1.3.0"
    "wrappy" "1"

"inherits@^2.0.3", "inherits@^2.0.4", "inherits@2", "inherits@2.0.4":
  "version" "2.0.4"

"is-binary-path@~2.1.0":
  "version" "2.1.0"
  dependencies:
    "binary-extensions" "^2.0.0"

"is-core-module@^2.9.0":
  "version" "2.11.0"
  dependencies:
    "has" "^1.0.3"

"is-docker@^2.0.0", "is-docker@^2.1.1":
  "version" "2.2.1"

"is-extglob@^2.1.1":
  "version" "2.1.1"

"is-glob@^4.0.1", "is-glob@~4.0.1":
  "version" "4.0.3"
  dependencies:
    "is-extglob" "^2.1.1"

"is-number@^7.0.0":
  "version" "7.0.0"

"is-plain-object@^5.0.0":
  "version" "5.0.0"

"is-potential-custom-element-name@^1.0.1":
  "version" "1.0.1"

"is-wsl@^2.2.0":
  "version" "2.2.0"
  dependencies:
    "is-docker" "^2.0.0"

"isexe@^2.0.0":
  "version" "2.0.0"

"jake@^10.8.5":
  "version" "10.8.5"
  dependencies:
    "async" "^3.2.3"
    "chalk" "^4.0.2"
    "filelist" "^1.0.1"
    "minimatch" "^3.0.4"

"js-yaml-js-types@^1.0.0":
  "version" "1.0.0"
  dependencies:
    "esprima" "^4.0.1"

"js-yaml@^4.1.0":
  "version" "4.1.0"
  dependencies:
    "argparse" "^2.0.1"

"jsdom@^20.0.1":
  "version" "20.0.2"
  dependencies:
    "abab" "^2.0.6"
    "acorn" "^8.8.0"
    "acorn-globals" "^7.0.0"
    "cssom" "^0.5.0"
    "cssstyle" "^2.3.0"
    "data-urls" "^3.0.2"
    "decimal.js" "^10.4.1"
    "domexception" "^4.0.0"
    "escodegen" "^2.0.0"
    "form-data" "^4.0.0"
    "html-encoding-sniffer" "^3.0.0"
    "http-proxy-agent" "^5.0.0"
    "https-proxy-agent" "^5.0.1"
    "is-potential-custom-element-name" "^1.0.1"
    "nwsapi" "^2.2.2"
    "parse5" "^7.1.1"
    "saxes" "^6.0.0"
    "symbol-tree" "^3.2.4"
    "tough-cookie" "^4.1.2"
    "w3c-xmlserializer" "^3.0.0"
    "webidl-conversions" "^7.0.0"
    "whatwg-encoding" "^2.0.0"
    "whatwg-mimetype" "^3.0.0"
    "whatwg-url" "^11.0.0"
    "ws" "^8.9.0"
    "xml-name-validator" "^4.0.0"

"jsonparse@^1.3.1":
  "version" "1.3.1"

"levn@~0.3.0":
  "version" "0.3.0"
  dependencies:
    "prelude-ls" "~1.1.2"
    "type-check" "~0.3.2"

"lower-case@^2.0.2":
  "version" "2.0.2"
  dependencies:
    "tslib" "^2.0.3"

"marked@^4.1.1":
  "version" "4.2.2"

"micro-memoize@^4.0.11":
  "version" "4.0.11"

"micromatch@^4.0.4":
  "version" "4.0.5"
  dependencies:
    "braces" "^3.0.2"
    "picomatch" "^2.3.1"

"mime-db@>= 1.43.0 < 2", "mime-db@1.52.0":
  "version" "1.52.0"

"mime-types@^2.1.12", "mime-types@~2.1.34":
  "version" "2.1.35"
  dependencies:
    "mime-db" "1.52.0"

"mime@^3.0.0":
  "version" "3.0.0"

"mime@1.6.0":
  "version" "1.6.0"

"min-indent@^1.0.0":
  "version" "1.0.1"

"minimatch@^3.0.4", "minimatch@^3.1.1":
  "version" "3.1.2"
  dependencies:
    "brace-expansion" "^1.1.7"

"minimatch@^5.0.1":
  "version" "5.1.0"
  dependencies:
    "brace-expansion" "^2.0.1"

"minimist@^1.2.5":
  "version" "1.2.7"

"moize@^6.1.0":
  "version" "6.1.3"
  dependencies:
    "fast-equals" "^3.0.1"
    "micro-memoize" "^4.0.11"

"moment-timezone@^0.5.34":
  "version" "0.5.39"
  dependencies:
    "moment" ">= 2.9.0"

"moment@^2.29.1", "moment@>= 2.9.0":
  "version" "2.29.4"

"morgan@^1.9.1":
  "version" "1.10.0"
  dependencies:
    "basic-auth" "~2.0.1"
    "debug" "2.6.9"
    "depd" "~2.0.0"
    "on-finished" "~2.3.0"
    "on-headers" "~1.0.2"

"ms@2.0.0":
  "version" "2.0.0"

"ms@2.1.2":
  "version" "2.1.2"

"ms@2.1.3":
  "version" "2.1.3"

"negotiator@0.6.3":
  "version" "0.6.3"

"nib@^1.2.0":
  "version" "1.2.0"

"no-case@^3.0.4":
  "version" "3.0.4"
  dependencies:
    "lower-case" "^2.0.2"
    "tslib" "^2.0.3"

"normalize-path@^3.0.0", "normalize-path@~3.0.0":
  "version" "3.0.0"

"nunjucks@^3.0.0", "nunjucks@^3.2.3":
  "version" "3.2.3"
  dependencies:
    "a-sync-waterfall" "^1.0.0"
    "asap" "^2.0.3"
    "commander" "^5.1.0"

"nwsapi@^2.2.2":
  "version" "2.2.2"

"on-finished@~2.3.0":
  "version" "2.3.0"
  dependencies:
    "ee-first" "1.1.1"

"on-finished@2.4.1":
  "version" "2.4.1"
  dependencies:
    "ee-first" "1.1.1"

"on-headers@~1.0.2":
  "version" "1.0.2"

"once@^1.3.0":
  "version" "1.4.0"
  dependencies:
    "wrappy" "1"

"open@^8.0.9":
  "version" "8.4.0"
  dependencies:
    "define-lazy-prop" "^2.0.0"
    "is-docker" "^2.1.1"
    "is-wsl" "^2.2.0"

"optionator@^0.8.1":
  "version" "0.8.3"
  dependencies:
    "deep-is" "~0.1.3"
    "fast-levenshtein" "~2.0.6"
    "levn" "~0.3.0"
    "prelude-ls" "~1.1.2"
    "type-check" "~0.3.2"
    "word-wrap" "~1.2.3"

"parse5@^7.1.1":
  "version" "7.1.1"
  dependencies:
    "entities" "^4.4.0"

"parseurl@~1.3.3":
  "version" "1.3.3"

"pascal-case@^3.1.2":
  "version" "3.1.2"
  dependencies:
    "no-case" "^3.0.4"
    "tslib" "^2.0.3"

"path-is-absolute@^1.0.0":
  "version" "1.0.1"

"path-key@^3.1.0":
  "version" "3.1.1"

"path-parse@^1.0.7":
  "version" "1.0.7"

"picocolors@^1.0.0":
  "version" "1.0.0"

"picomatch@^2.0.4", "picomatch@^2.2.1", "picomatch@^2.3.1":
  "version" "2.3.1"

"prelude-ls@~1.1.2":
  "version" "1.1.2"

"pretty-hrtime@^1.0.3":
  "version" "1.0.3"

"prismjs@^1.17.1":
  "version" "1.29.0"

"psl@^1.1.33":
  "version" "1.9.0"

"punycode@^2.1.1":
  "version" "2.1.1"

"querystringify@^2.1.1":
  "version" "2.2.0"

"range-parser@~1.2.1":
  "version" "1.2.1"

"readable-stream@3":
  "version" "3.6.0"
  dependencies:
    "inherits" "^2.0.3"
    "string_decoder" "^1.1.1"
    "util-deprecate" "^1.0.1"

"readdirp@~3.6.0":
  "version" "3.6.0"
  dependencies:
    "picomatch" "^2.2.1"

"requires-port@^1.0.0":
  "version" "1.0.0"

"resolve@^1.11.0", "resolve@^1.22.0":
  "version" "1.22.1"
  dependencies:
    "is-core-module" "^2.9.0"
    "path-parse" "^1.0.7"
    "supports-preserve-symlinks-flag" "^1.0.0"

"rfdc@^1.1.4":
  "version" "1.3.0"

"safe-buffer@~5.2.0":
  "version" "5.2.1"

"safe-buffer@5.1.2":
  "version" "5.1.2"

"safer-buffer@^2.1.2", "safer-buffer@>= 2.1.2 < 3.0.0":
  "version" "2.1.2"

"sax@~1.2.4":
  "version" "1.2.4"

"saxes@^6.0.0":
  "version" "6.0.0"
  dependencies:
    "xmlchars" "^2.2.0"

"send@0.18.0":
  "version" "0.18.0"
  dependencies:
    "debug" "2.6.9"
    "depd" "2.0.0"
    "destroy" "1.2.0"
    "encodeurl" "~1.0.2"
    "escape-html" "~1.0.3"
    "etag" "~1.8.1"
    "fresh" "0.5.2"
    "http-errors" "2.0.0"
    "mime" "1.6.0"
    "ms" "2.1.3"
    "on-finished" "2.4.1"
    "range-parser" "~1.2.1"
    "statuses" "2.0.1"

"serve-static@^1.14.1":
  "version" "1.15.0"
  dependencies:
    "encodeurl" "~1.0.2"
    "escape-html" "~1.0.3"
    "parseurl" "~1.3.3"
    "send" "0.18.0"

"setprototypeof@1.2.0":
  "version" "1.2.0"

"shebang-command@^2.0.0":
  "version" "2.0.0"
  dependencies:
    "shebang-regex" "^3.0.0"

"shebang-regex@^3.0.0":
  "version" "3.0.0"

"source-map-resolve@^0.6.0":
  "version" "0.6.0"
  dependencies:
    "atob" "^2.1.2"
    "decode-uri-component" "^0.2.0"

"source-map@^0.6.1", "source-map@~0.6.1":
  "version" "0.6.1"

"source-map@^0.7.3":
  "version" "0.7.4"

"sprintf-js@^1.0.3":
  "version" "1.1.2"

"statuses@~1.5.0":
  "version" "1.5.0"

"statuses@2.0.1":
  "version" "2.0.1"

"string_decoder@^1.1.1":
  "version" "1.3.0"
  dependencies:
    "safe-buffer" "~5.2.0"

"strip-ansi@^6.0.0":
  "version" "6.0.1"
  dependencies:
    "ansi-regex" "^5.0.1"

"strip-indent@^3.0.0":
  "version" "3.0.0"
  dependencies:
    "min-indent" "^1.0.0"

"stylus@*", "stylus@^0.57.0":
  "version" "0.57.0"
  dependencies:
    "css" "^3.0.0"
    "debug" "^4.3.2"
    "glob" "^7.1.6"
    "safer-buffer" "^2.1.2"
    "sax" "~1.2.4"
    "source-map" "^0.7.3"

"supports-color@^7.1.0":
  "version" "7.2.0"
  dependencies:
    "has-flag" "^4.0.0"

"supports-preserve-symlinks-flag@^1.0.0":
  "version" "1.0.0"

"symbol-tree@^3.2.4":
  "version" "3.2.4"

"text-table@^0.2.0":
  "version" "0.2.0"

"through2@^4.0.2":
  "version" "4.0.2"
  dependencies:
    "readable-stream" "3"

"tildify@^2.0.0":
  "version" "2.0.0"

"titlecase@^1.1.3":
  "version" "1.1.3"

"to-regex-range@^5.0.1":
  "version" "5.0.1"
  dependencies:
    "is-number" "^7.0.0"

"toidentifier@1.0.1":
  "version" "1.0.1"

"tough-cookie@^4.1.2":
  "version" "4.1.2"
  dependencies:
    "psl" "^1.1.33"
    "punycode" "^2.1.1"
    "universalify" "^0.2.0"
    "url-parse" "^1.5.3"

"tr46@^3.0.0":
  "version" "3.0.0"
  dependencies:
    "punycode" "^2.1.1"

"tslib@^2.0.3":
  "version" "2.4.1"

"type-check@~0.3.2":
  "version" "0.3.2"
  dependencies:
    "prelude-ls" "~1.1.2"

"universalify@^0.2.0":
  "version" "0.2.0"

"unpipe@~1.0.0":
  "version" "1.0.0"

"url-parse@^1.5.3":
  "version" "1.5.10"
  dependencies:
    "querystringify" "^2.1.1"
    "requires-port" "^1.0.0"

"util-deprecate@^1.0.1":
  "version" "1.0.2"

"utils-merge@1.0.1":
  "version" "1.0.1"

"vary@~1.1.2":
  "version" "1.1.2"

"w3c-xmlserializer@^3.0.0":
  "version" "3.0.0"
  dependencies:
    "xml-name-validator" "^4.0.0"

"warehouse@^4.0.2":
  "version" "4.0.2"
  dependencies:
    "bluebird" "^3.2.2"
    "cuid" "^2.1.4"
    "graceful-fs" "^4.1.3"
    "hexo-log" "^3.0.0"
    "is-plain-object" "^5.0.0"
    "jsonparse" "^1.3.1"
    "rfdc" "^1.1.4"
    "through2" "^4.0.2"

"webidl-conversions@^7.0.0":
  "version" "7.0.0"

"whatwg-encoding@^2.0.0":
  "version" "2.0.0"
  dependencies:
    "iconv-lite" "0.6.3"

"whatwg-mimetype@^3.0.0":
  "version" "3.0.0"

"whatwg-url@^11.0.0":
  "version" "11.0.0"
  dependencies:
    "tr46" "^3.0.0"
    "webidl-conversions" "^7.0.0"

"which@^2.0.1":
  "version" "2.0.2"
  dependencies:
    "isexe" "^2.0.0"

"word-wrap@~1.2.3":
  "version" "1.2.3"

"wrappy@1":
  "version" "1.0.2"

"ws@^8.9.0":
  "version" "8.11.0"

"xml-name-validator@^4.0.0":
  "version" "4.0.0"

"xmlchars@^2.2.0":
  "version" "2.2.0"
